
Microsoft Visual Studio Solution File, Format Version 12.00
# Visual Studio Version 16
VisualStudioVersion = 16.0.30804.86
MinimumVisualStudioVersion = 10.0.40219.1
Project("{9A19103F-16F7-4668-BE54-9A1E7A4F7556}") = "Agro360", "Agro360\Agro360.csproj", "{D5219A85-938D-4DF5-B5E3-4FFF4BDEB2AE}"
EndProject
Global
	GlobalSection(SolutionConfigurationPlatforms) = preSolution
		Debug|Any CPU = Debug|Any CPU
		Release|Any CPU = Release|Any CPU
	EndGlobalSection
	GlobalSection(ProjectConfigurationPlatforms) = postSolution
		{D5219A85-938D-4DF5-B5E3-4FFF4BDEB2AE}.Debug|Any CPU.ActiveCfg = Debug|Any CPU
		{D5219A85-938D-4DF5-B5E3-4FFF4BDEB2AE}.Debug|Any CPU.Build.0 = Debug|Any CPU
		{D5219A85-938D-4DF5-B5E3-4FFF4BDEB2AE}.Release|Any CPU.ActiveCfg = Release|Any CPU
		{D5219A85-938D-4DF5-B5E3-4FFF4BDEB2AE}.Release|Any CPU.Build.0 = Release|Any CPU
	EndGlobalSection
	GlobalSection(SolutionProperties) = preSolution
		HideSolutionNode = FALSE
	EndGlobalSection
	GlobalSection(ExtensibilityGlobals) = postSolution
		SolutionGuid = {674BDCFA-87EC-4453-A0CB-A482FA63DB93}
	EndGlobalSection
EndGlobal
